<?xml version="1.0" encoding="utf-8"?>
<Project ToolsVersion="4.0" xmlns="http://schemas.microsoft.com/developer/msbuild/2003">
  <ItemGroup>
    <Filter Include="Source Files">
      <UniqueIdentifier>{4FC737F1-C7A5-4376-A066-2A32D752A2FF}</UniqueIdentifier>
      <Extensions>cpp;c;cc;cxx;c++;cppm;ixx;def;odl;idl;hpj;bat;asm;asmx</Extensions>
    </Filter>
    <Filter Include="Header Files">
      <UniqueIdentifier>{93995380-89BD-4b04-88EB-625FBE52EBFB}</UniqueIdentifier>
      <Extensions>h;hh;hpp;hxx;h++;hm;inl;inc;ipp;xsd</Extensions>
    </Filter>
    <Filter Include="Resource Files">
      <UniqueIdentifier>{67DA6AB6-F800-4c08-8B7A-83BB121AAD01}</UniqueIdentifier>
      <Extensions>rc;ico;cur;bmp;dlg;rc2;rct;bin;rgs;gif;jpg;jpeg;jpe;resx;tiff;tif;png;wav;mfcribbon-ms</Extensions>
    </Filter>
    <Filter Include="Header Files\TestController">
      <UniqueIdentifier>{a784222a-0ba5-4acc-b710-a8429670210b}</UniqueIdentifier>
    </Filter>
    <Filter Include="Header Files\TestMessenger">
      <UniqueIdentifier>{1577747f-68e6-4322-873b-4fb299d09433}</UniqueIdentifier>
    </Filter>
    <Filter Include="Header Files\TestUtilities">
      <UniqueIdentifier>{98625632-65a1-4298-a251-9c3193c085c5}</UniqueIdentifier>
    </Filter>
    <Filter Include="Source Files\TestController">
      <UniqueIdentifier>{e80821ac-5421-4a3a-ac6a-af6ec9e1c8a4}</UniqueIdentifier>
    </Filter>
    <Filter Include="Source Files\TestMessenger">
      <UniqueIdentifier>{14ed6c8f-73bc-4c7e-8806-d3e582bc6f09}</UniqueIdentifier>
    </Filter>
    <Filter Include="Source Files\TestUtilities">
      <UniqueIdentifier>{34e674b4-10bb-4c53-84f9-b41121b13519}</UniqueIdentifier>
    </Filter>
    <Filter Include="Header Files\TestCommunicationInterface">
      <UniqueIdentifier>{ae5ddb5d-990c-42f6-99b3-cb37640b7047}</UniqueIdentifier>
    </Filter>
    <Filter Include="Source Files\TestCommunicationInterface">
      <UniqueIdentifier>{18e685e3-e047-4dcc-b9cc-3e047b1c11f5}</UniqueIdentifier>
    </Filter>
  </ItemGroup>
  <ItemGroup>
    <ClInclude Include="Timer.h">
      <Filter>Header Files\TestUtilities</Filter>
    </ClInclude>
    <ClInclude Include="Message.h">
      <Filter>Header Files\TestMessenger</Filter>
    </ClInclude>
    <ClInclude Include="Utilities.h">
      <Filter>Header Files\TestUtilities</Filter>
    </ClInclude>
    <ClInclude Include="StaticLogger.h">
      <Filter>Header Files\TestUtilities</Filter>
    </ClInclude>
    <ClInclude Include="BlockingQueue.h">
      <Filter>Header Files\TestUtilities</Filter>
    </ClInclude>
    <ClInclude Include="ResultFormatter.h">
      <Filter>Header Files\TestUtilities</Filter>
    </ClInclude>
    <ClInclude Include="MessageHandler.h">
      <Filter>Header Files\TestMessenger</Filter>
    </ClInclude>
    <ClInclude Include="Sockets.h">
      <Filter>Header Files\TestCommunicationInterface</Filter>
    </ClInclude>
    <ClInclude Include="Server.h">
      <Filter>Header Files\TestCommunicationInterface</Filter>
    </ClInclude>
    <ClInclude Include="TestDriver.h">
      <Filter>Header Files</Filter>
    </ClInclude>
    <ClInclude Include="TestRunner.h">
      <Filter>Header Files\TestController</Filter>
    </ClInclude>
    <ClInclude Include="TestHarness.h">
      <Filter>Header Files\TestController</Filter>
    </ClInclude>
    <ClInclude Include="Executive.h">
      <Filter>Header Files</Filter>
    </ClInclude>
  </ItemGroup>
  <ItemGroup>
    <ClCompile Include="Timer.cpp">
      <Filter>Source Files\TestUtilities</Filter>
    </ClCompile>
    <ClCompile Include="Message.cpp">
      <Filter>Source Files\TestMessenger</Filter>
    </ClCompile>
    <ClCompile Include="Utilities.cpp">
      <Filter>Source Files\TestUtilities</Filter>
    </ClCompile>
    <ClCompile Include="StaticLogger.cpp">
      <Filter>Source Files\TestUtilities</Filter>
    </ClCompile>
    <ClCompile Include="BlockingQueue.cpp">
      <Filter>Source Files\TestUtilities</Filter>
    </ClCompile>
    <ClCompile Include="ResultFormatter.cpp">
      <Filter>Source Files\TestUtilities</Filter>
    </ClCompile>
    <ClCompile Include="Sockets.cpp">
      <Filter>Source Files\TestCommunicationInterface</Filter>
    </ClCompile>
    <ClCompile Include="Server.cpp">
      <Filter>Source Files\TestCommunicationInterface</Filter>
    </ClCompile>
    <ClCompile Include="MessageHandler.cpp">
      <Filter>Source Files\TestMessenger</Filter>
    </ClCompile>
    <ClCompile Include="TestDriver.cpp">
      <Filter>Source Files</Filter>
    </ClCompile>
    <ClCompile Include="TestRunner.cpp">
      <Filter>Source Files\TestController</Filter>
    </ClCompile>
    <ClCompile Include="TestHarness.cpp">
      <Filter>Source Files\TestController</Filter>
    </ClCompile>
  </ItemGroup>
</Project>